
Microsoft Visual Studio Solution File, Format Version 12.00
# Visual Studio 15
VisualStudioVersion = 15.0.26430.13
MinimumVisualStudioVersion = 10.0.40219.1
Project("{FAE04EC0-301F-11D3-BF4B-00C04F79EFBC}") = "MusicAppConsole", "MusicAppConsole\MusicAppConsole.csproj", "{70072718-2D23-4F77-8706-DD1E86B15977}"
EndProject
Project("{FAE04EC0-301F-11D3-BF4B-00C04F79EFBC}") = "MusicApp.Domain", "MusicApp.Domain\MusicApp.Domain.csproj", "{ED685D85-0E41-4A86-B8D7-A6AAF2D3BFE1}"
EndProject
Project("{FAE04EC0-301F-11D3-BF4B-00C04F79EFBC}") = "MusicApp.Api", "MusicApp.Api\MusicApp.Api.csproj", "{07D0C5B5-F67F-41B7-9E87-F85715B57A65}"
EndProject
Global
	GlobalSection(SolutionConfigurationPlatforms) = preSolution
		Debug|Any CPU = Debug|Any CPU
		Release|Any CPU = Release|Any CPU
	EndGlobalSection
	GlobalSection(ProjectConfigurationPlatforms) = postSolution
		{70072718-2D23-4F77-8706-DD1E86B15977}.Debug|Any CPU.ActiveCfg = Debug|Any CPU
		{70072718-2D23-4F77-8706-DD1E86B15977}.Debug|Any CPU.Build.0 = Debug|Any CPU
		{70072718-2D23-4F77-8706-DD1E86B15977}.Release|Any CPU.ActiveCfg = Release|Any CPU
		{70072718-2D23-4F77-8706-DD1E86B15977}.Release|Any CPU.Build.0 = Release|Any CPU
		{ED685D85-0E41-4A86-B8D7-A6AAF2D3BFE1}.Debug|Any CPU.ActiveCfg = Debug|Any CPU
		{ED685D85-0E41-4A86-B8D7-A6AAF2D3BFE1}.Debug|Any CPU.Build.0 = Debug|Any CPU
		{ED685D85-0E41-4A86-B8D7-A6AAF2D3BFE1}.Release|Any CPU.ActiveCfg = Release|Any CPU
		{ED685D85-0E41-4A86-B8D7-A6AAF2D3BFE1}.Release|Any CPU.Build.0 = Release|Any CPU
		{07D0C5B5-F67F-41B7-9E87-F85715B57A65}.Debug|Any CPU.ActiveCfg = Debug|Any CPU
		{07D0C5B5-F67F-41B7-9E87-F85715B57A65}.Debug|Any CPU.Build.0 = Debug|Any CPU
		{07D0C5B5-F67F-41B7-9E87-F85715B57A65}.Release|Any CPU.ActiveCfg = Release|Any CPU
		{07D0C5B5-F67F-41B7-9E87-F85715B57A65}.Release|Any CPU.Build.0 = Release|Any CPU
	EndGlobalSection
	GlobalSection(SolutionProperties) = preSolution
		HideSolutionNode = FALSE
	EndGlobalSection
EndGlobal
